// !$*UTF8*$!
{
	archiveVersion = 1;
	classes = {
	};
	objectVersion = 77;
	objects = {

/* Begin PBXBuildFile section */
		02C6D1FD157998C26E7416B9 /* EclipseCard.swift in Sources */ = {isa = PBXBuildFile; fileRef = 360B289972920360586AA1CC /* EclipseCard.swift */; };
		033C35B8D8C67417071612C3 /* HomeView.swift in Sources */ = {isa = PBXBuildFile; fileRef = 443E05B8B65D4E3900BC0BDE /* HomeView.swift */; };
		041C4B7A89FC995267970495 /* ThemePalettes.swift in Sources */ = {isa = PBXBuildFile; fileRef = 8682C218AD656AE031131FD5 /* ThemePalettes.swift */; };
		042795BD186B3F379E603971 /* RightNowCard.swift in Sources */ = {isa = PBXBuildFile; fileRef = 6394B45CE3D7C5A2A58F48E9 /* RightNowCard.swift */; };
		07351827A1A1601D9CBBC45E /* TimeWindowsCard.swift in Sources */ = {isa = PBXBuildFile; fileRef = 5F7892AF693605110687FAE6 /* TimeWindowsCard.swift */; };
		0F6D605D5B1D6E6D380D3770 /* PanchangIntegrationTests.swift in Sources */ = {isa = PBXBuildFile; fileRef = AC5F1E15A52C127B0FBCD4BC /* PanchangIntegrationTests.swift */; };
		1328185EC8FD8AC59073DB65 /* GrahaImmersiveView.swift in Sources */ = {isa = PBXBuildFile; fileRef = 033869502105F00F9E8AD897 /* GrahaImmersiveView.swift */; };
		1A6F1196F35937BD46F24956 /* NakshatraImmersiveView.swift in Sources */ = {isa = PBXBuildFile; fileRef = CCDD40FACCCF7C25BDCE9C32 /* NakshatraImmersiveView.swift */; };
		1AC16C7E8847CB31A16E24A3 /* HoraCard.swift in Sources */ = {isa = PBXBuildFile; fileRef = 2B3628C62ABE084D82A65819 /* HoraCard.swift */; };
		31F667B523D8DA5A629D6AC9 /* LivingMandalaView.swift in Sources */ = {isa = PBXBuildFile; fileRef = F5A4B24F6B8DF656A37167ED /* LivingMandalaView.swift */; };
		36D7022F3BA3131431CD28EF /* PanchangData.swift in Sources */ = {isa = PBXBuildFile; fileRef = DE53B0314E4356EEF4A77BBA /* PanchangData.swift */; };
		3860A0C5E7E8EBDDE33BE0A0 /* BirthDataInputView.swift in Sources */ = {isa = PBXBuildFile; fileRef = 63C7B6002EF5479EF8874719 /* BirthDataInputView.swift */; };
		3A67F38F63892ACD824B97F5 /* HoraImmersiveView.swift in Sources */ = {isa = PBXBuildFile; fileRef = 4010091F8B703329D6507FB9 /* HoraImmersiveView.swift */; };
		41142C81C5E2D770EC583DD4 /* StarFieldView.swift in Sources */ = {isa = PBXBuildFile; fileRef = E09C4017C2811FC941DD4451 /* StarFieldView.swift */; };
		42FE1E1812A05B960A355B67 /* VedicCalculator.swift in Sources */ = {isa = PBXBuildFile; fileRef = F93559BC3A2F9EC4D6744F33 /* VedicCalculator.swift */; };
		45B68F4C1727771AC5545D32 /* NavratriCard.swift in Sources */ = {isa = PBXBuildFile; fileRef = 61C53B0839CC8F81A3E5C419 /* NavratriCard.swift */; };
		49B683FE7E20B75F597BBD2C /* AmbientMeditationView.swift in Sources */ = {isa = PBXBuildFile; fileRef = 2AA5417195DA25327519394C /* AmbientMeditationView.swift */; };
		4BD78E7E4989BAAE3EEAD12C /* OnboardingView.swift in Sources */ = {isa = PBXBuildFile; fileRef = F7D21D4B060787531B830527 /* OnboardingView.swift */; };
		5097A9E579276D1E06D6FBD9 /* PanchangDetailSheet.swift in Sources */ = {isa = PBXBuildFile; fileRef = 994447445F8414E27DDFED04 /* PanchangDetailSheet.swift */; };
		53ACCE7EEB020C6259E66DD0 /* VedicSkyMotionManager.swift in Sources */ = {isa = PBXBuildFile; fileRef = 78BC5A60A663162A67C89A2A /* VedicSkyMotionManager.swift */; };
		53EB548AF45411CA45FFB15A /* Solar in Frameworks */ = {isa = PBXBuildFile; productRef = 8770626AEDBE1DA0D475369D /* Solar */; };
		559624404B70E2F0FA657964 /* SwissEphemeris in Frameworks */ = {isa = PBXBuildFile; productRef = 66786E3737FDCA2490A2BECA /* SwissEphemeris */; };
		561B3143C07D20B5677CE9B9 /* PanchangCalculator.swift in Sources */ = {isa = PBXBuildFile; fileRef = 4CB9250793BFE09DD61B0383 /* PanchangCalculator.swift */; };
		564484D212F09B3E5AC53B18 /* PanchangDescriptions.swift in Sources */ = {isa = PBXBuildFile; fileRef = E9A91B6E41687DAADFF2808B /* PanchangDescriptions.swift */; };
		56B0C67F081E750289818964 /* ChoghadiyaCard.swift in Sources */ = {isa = PBXBuildFile; fileRef = B5F55DE47D220CB33FB2A79C /* ChoghadiyaCard.swift */; };
		5759D4EFCFFB7FDCD8E7DFF7 /* YourDayArchiveView.swift in Sources */ = {isa = PBXBuildFile; fileRef = AB7A46C6A605215BE4AD488C /* YourDayArchiveView.swift */; };
		5E3FC8620BF84A08E414C729 /* DaySnapshot.swift in Sources */ = {isa = PBXBuildFile; fileRef = 2A84FB6D336162FB5BD72146 /* DaySnapshot.swift */; };
		5EB599C9AC45D7298D64A3E3 /* SplashView.swift in Sources */ = {isa = PBXBuildFile; fileRef = C450B088E4224ABD6C00279A /* SplashView.swift */; };
		5F6921B1A876F2E02966CB5E /* horoscope_library.json in Resources */ = {isa = PBXBuildFile; fileRef = 3C62DF9C9BB429476D6467FF /* horoscope_library.json */; };
		61629C79293C5B181B706DBC /* MantraRitualView.swift in Sources */ = {isa = PBXBuildFile; fileRef = 5C20C61B6EEF9EDEBD30BBAF /* MantraRitualView.swift */; };
		624E5AF00F42EDA4A17ECE19 /* HoroscopeEngine.swift in Sources */ = {isa = PBXBuildFile; fileRef = 5C8D19DE43AC54E5B52BC369 /* HoroscopeEngine.swift */; };
		6417150C3CC2E6CF46A87DF7 /* DailyHoroscopeCard.swift in Sources */ = {isa = PBXBuildFile; fileRef = 5BFFEFAC4ECFCFF619FFCF22 /* DailyHoroscopeCard.swift */; };
		6E15499C3DF5D4FF1D78A0C1 /* HoroscopeEngineVariantTests.swift in Sources */ = {isa = PBXBuildFile; fileRef = 02AA6ADF2B4449186B1B4D42 /* HoroscopeEngineVariantTests.swift */; };
		708E7940DAE93761EEE03CB1 /* NavratriImmersiveView.swift in Sources */ = {isa = PBXBuildFile; fileRef = BA76E848BCC85F71C8F2F932 /* NavratriImmersiveView.swift */; };
		70C40DCF0FA0E20F35E858FB /* RitualMotionGate.swift in Sources */ = {isa = PBXBuildFile; fileRef = 2E3CF612C734C87408187F38 /* RitualMotionGate.swift */; };
		71D519F2868C2EE0819D0FE4 /* CosmicSignatureService.swift in Sources */ = {isa = PBXBuildFile; fileRef = 35629CE298DF0383287A6AFB /* CosmicSignatureService.swift */; };
		74F59ED4639AC905BFC18998 /* LivingMandalaFlowUITests.swift in Sources */ = {isa = PBXBuildFile; fileRef = 102F1EE678200B59D8C321CF /* LivingMandalaFlowUITests.swift */; };
		76AFAA4AFAEA636AA85A2858 /* cosmic_signature_library.json in Resources */ = {isa = PBXBuildFile; fileRef = 6B741C0639B5C601228DA942 /* cosmic_signature_library.json */; };
		791512C664A793D2A7BC135F /* ImmersiveDetailRouter.swift in Sources */ = {isa = PBXBuildFile; fileRef = 567039FD002DEB88A49D03AA /* ImmersiveDetailRouter.swift */; };
		7A1ED5EEC6093D55C4EF30DC /* DaySnapshotStoreTests.swift in Sources */ = {isa = PBXBuildFile; fileRef = 013E57B5D85E77D3D08D617F /* DaySnapshotStoreTests.swift */; };
		7B0E9795A87EF475225A63D0 /* BirthChart.swift in Sources */ = {isa = PBXBuildFile; fileRef = 0E7D840F7AE864A89B21805B /* BirthChart.swift */; };
		7B6A8BF3CFA9E14750B5DB44 /* FestivalEngineTests.swift in Sources */ = {isa = PBXBuildFile; fileRef = 7BE3D31BB01F6DA3D5B4372B /* FestivalEngineTests.swift */; };
		7F91FA1E0A77DD7E0E4D7B9D /* CosmicSignatureCard.swift in Sources */ = {isa = PBXBuildFile; fileRef = 56C2BFC5808A41D6DF080131 /* CosmicSignatureCard.swift */; };
		8048089370A230E90252292D /* HoroscopeWhySheet.swift in Sources */ = {isa = PBXBuildFile; fileRef = 35B1C0538646A285D24251B7 /* HoroscopeWhySheet.swift */; };
		8603D9EE7F01B8A15B92F4AD /* TodayDetailsSection.swift in Sources */ = {isa = PBXBuildFile; fileRef = D841F44870521127345B2497 /* TodayDetailsSection.swift */; };
		892B00AE998EA6A17EA6BC39 /* PanchangViewModel.swift in Sources */ = {isa = PBXBuildFile; fileRef = D33BA4315AD962E2C697C3D0 /* PanchangViewModel.swift */; };
		8992D5E9996958173E0A21FB /* PrivacyInfo.xcprivacy in Resources */ = {isa = PBXBuildFile; fileRef = F8EE27063D3384EA028D4F87 /* PrivacyInfo.xcprivacy */; };
		8D41F88A0DBD80BC84E06CB9 /* TithiImmersiveView.swift in Sources */ = {isa = PBXBuildFile; fileRef = C558AC5E79C219207B15B07C /* TithiImmersiveView.swift */; };
		8DBED32007EB0171D49C0960 /* PanchangViewModelTests.swift in Sources */ = {isa = PBXBuildFile; fileRef = A3CD313ECBD6E3B4210C728D /* PanchangViewModelTests.swift */; };
		8FE0D3661114A20B1FC604ED /* WhatsNewSheet.swift in Sources */ = {isa = PBXBuildFile; fileRef = 1E7E356D4E4BDC02BFBCB1FB /* WhatsNewSheet.swift */; };
		90EE3123362AF50864DDE71C /* SettingsView.swift in Sources */ = {isa = PBXBuildFile; fileRef = 7C7B4F42CE90C7CF3CC7A487 /* SettingsView.swift */; };
		9DD61891DB34E25C93530F36 /* HoroscopeContentLibraryData.swift in Sources */ = {isa = PBXBuildFile; fileRef = 8F51FCE603D5C027F1587D71 /* HoroscopeContentLibraryData.swift */; };
		A0537DCC64EBC4F94496F641 /* HoroscopeContentLibrary.swift in Sources */ = {isa = PBXBuildFile; fileRef = F98DE8EE21C51D78BA8CB591 /* HoroscopeContentLibrary.swift */; };
		A1AD64CDE73B39ED708F6BDF /* DaySnapshotStore.swift in Sources */ = {isa = PBXBuildFile; fileRef = 5CB2AA4C000659BFC691D2C8 /* DaySnapshotStore.swift */; };
		A20E1A93693D62D9AF07E596 /* CelestialHeroView.swift in Sources */ = {isa = PBXBuildFile; fileRef = ACAB8461D43AB162015FE466 /* CelestialHeroView.swift */; };
		A3EE7BD1825D0870F742AFDA /* SwissEphemeris in Frameworks */ = {isa = PBXBuildFile; productRef = DC9406F18B90AF0917117B76 /* SwissEphemeris */; };
		AA4D0C1B39373B58E3EFECA2 /* Theme.swift in Sources */ = {isa = PBXBuildFile; fileRef = 2ED73DBA852A3A4BC9C00E5E /* Theme.swift */; };
		B07211B7DD0C7E4208542FC7 /* MantraRitualStateTests.swift in Sources */ = {isa = PBXBuildFile; fileRef = 67BDA0FAAD80FC098970ED19 /* MantraRitualStateTests.swift */; };
		B2590C6ED2CF051B9EDD9128 /* RitualShareCardView.swift in Sources */ = {isa = PBXBuildFile; fileRef = 81974180778ED08EBDF7FC0F /* RitualShareCardView.swift */; };
		B2970D3963ED8B84FDA27A19 /* DeviApp.swift in Sources */ = {isa = PBXBuildFile; fileRef = 9B8C38CD9EF16A21F9BB145F /* DeviApp.swift */; };
		B78F3AB26D72C5A1F22739BD /* VedicSkyView.swift in Sources */ = {isa = PBXBuildFile; fileRef = 28501AFF246A728A4B21023D /* VedicSkyView.swift */; };
		B982EA76D203C242C49853BC /* MantraCard.swift in Sources */ = {isa = PBXBuildFile; fileRef = D81FA1582C6CC8D435E75D30 /* MantraCard.swift */; };
		BB13D21BD0B6D0F48A0EB89C /* DeviNotificationDelegate.swift in Sources */ = {isa = PBXBuildFile; fileRef = 8245914454C981BCF9E8721B /* DeviNotificationDelegate.swift */; };
		BB17FB7B8C16645B7689C2FB /* CollapsibleSectionCard.swift in Sources */ = {isa = PBXBuildFile; fileRef = 7A1815747C232A6F55E52048 /* CollapsibleSectionCard.swift */; };
		C19C27D51654472CE9003804 /* NotificationService.swift in Sources */ = {isa = PBXBuildFile; fileRef = 7BF35E9FB2B731D95A2F6834 /* NotificationService.swift */; };
		C54A04ED991BFEE0E79B7AB4 /* PanchangElement.swift in Sources */ = {isa = PBXBuildFile; fileRef = E30F9801D12E0EBBD9D1065B /* PanchangElement.swift */; };
		CA126CEA7A3B889CD64DA13F /* PanchangSkeletonView.swift in Sources */ = {isa = PBXBuildFile; fileRef = 38B2F0E2D69E31D81A8EF4F0 /* PanchangSkeletonView.swift */; };
		CB25FABBF7A538EBB8428BEB /* PanchangCalculatorTests.swift in Sources */ = {isa = PBXBuildFile; fileRef = B36CAC10BFF43C5390079499 /* PanchangCalculatorTests.swift */; };
		D242439F6807E30BD55D80D4 /* Assets.xcassets in Resources */ = {isa = PBXBuildFile; fileRef = D40FE13768033F483BCEA6DC /* Assets.xcassets */; };
		D3F4D6E623EDD5A5157196B6 /* ShareTextBuilder.swift in Sources */ = {isa = PBXBuildFile; fileRef = 42768E6995593EC9DAD7C9DA /* ShareTextBuilder.swift */; };
		D562F95BC00B2CF62F1AA3D1 /* CitySearchService.swift in Sources */ = {isa = PBXBuildFile; fileRef = 8671B2E2810F5DB127BCD949 /* CitySearchService.swift */; };
		D676D0BFEE9487FA96C77D34 /* ShareCardRenderer.swift in Sources */ = {isa = PBXBuildFile; fileRef = 652253D394F54C12ED04608E /* ShareCardRenderer.swift */; };
		D694479C65408F156F68ED12 /* OrnamentalDivider.swift in Sources */ = {isa = PBXBuildFile; fileRef = 0E0A2CCFB51601FBCF86B313 /* OrnamentalDivider.swift */; };
		D745EDF5932863F46ABB5201 /* PanchangRitualViewModelTests.swift in Sources */ = {isa = PBXBuildFile; fileRef = C9BA6A319A6F8B14F0C9075A /* PanchangRitualViewModelTests.swift */; };
		E215CE28308DE6ED3D867351 /* UpcomingEventsSheet.swift in Sources */ = {isa = PBXBuildFile; fileRef = D6C4E430092A2D5C0DA704CB /* UpcomingEventsSheet.swift */; };
		E4F8886C56598F9B84413325 /* MantraRitualState.swift in Sources */ = {isa = PBXBuildFile; fileRef = D9A21652F47D818692414FED /* MantraRitualState.swift */; };
		E574296E06EE9C16B5996C00 /* ShareCardView.swift in Sources */ = {isa = PBXBuildFile; fileRef = 7FED11A4877FFCD9F0FEE0BD /* ShareCardView.swift */; };
		E64B749D9006963AA44B0B38 /* MantraImmersiveView.swift in Sources */ = {isa = PBXBuildFile; fileRef = EA0A089BC8417CC0FA724DB6 /* MantraImmersiveView.swift */; };
		F1C112891FF7594EBF4F781B /* FestivalEngine.swift in Sources */ = {isa = PBXBuildFile; fileRef = C48727AA41391F93867A785C /* FestivalEngine.swift */; };
		F455D4049C3DFE659B2BC780 /* DailyHoroscope.swift in Sources */ = {isa = PBXBuildFile; fileRef = 09CCD6EC44FF0C844D532EE4 /* DailyHoroscope.swift */; };
		FAD1BCA1A51DFC533472ED90 /* VedicCalculatorTests.swift in Sources */ = {isa = PBXBuildFile; fileRef = 463C6BC7EA5612F2261721C5 /* VedicCalculatorTests.swift */; };
		FFDB6BB3B06B31F3F1325A92 /* EclipseImmersiveView.swift in Sources */ = {isa = PBXBuildFile; fileRef = 13E2CCC23013BC63EFAECA6C /* EclipseImmersiveView.swift */; };
/* End PBXBuildFile section */

/* Begin PBXContainerItemProxy section */
		09D880B117CD98E22BB1D6D7 /* PBXContainerItemProxy */ = {
			isa = PBXContainerItemProxy;
			containerPortal = FB09475CAD690A281AA404CC /* Project object */;
			proxyType = 1;
			remoteGlobalIDString = 62CF76CE48BD90253DCD44E0;
			remoteInfo = Devi;
		};
		E89FBE02644D777C27239152 /* PBXContainerItemProxy */ = {
			isa = PBXContainerItemProxy;
			containerPortal = FB09475CAD690A281AA404CC /* Project object */;
			proxyType = 1;
			remoteGlobalIDString = 62CF76CE48BD90253DCD44E0;
			remoteInfo = Devi;
		};
/* End PBXContainerItemProxy section */

/* Begin PBXFileReference section */
		013E57B5D85E77D3D08D617F /* DaySnapshotStoreTests.swift */ = {isa = PBXFileReference; lastKnownFileType = sourcecode.swift; path = DaySnapshotStoreTests.swift; sourceTree = "<group>"; };
		02AA6ADF2B4449186B1B4D42 /* HoroscopeEngineVariantTests.swift */ = {isa = PBXFileReference; lastKnownFileType = sourcecode.swift; path = HoroscopeEngineVariantTests.swift; sourceTree = "<group>"; };
		033869502105F00F9E8AD897 /* GrahaImmersiveView.swift */ = {isa = PBXFileReference; lastKnownFileType = sourcecode.swift; path = GrahaImmersiveView.swift; sourceTree = "<group>"; };
		09CCD6EC44FF0C844D532EE4 /* DailyHoroscope.swift */ = {isa = PBXFileReference; lastKnownFileType = sourcecode.swift; path = DailyHoroscope.swift; sourceTree = "<group>"; };
		0C8B38CEF48597D3EBE6B61E /* DeviTests.xctest */ = {isa = PBXFileReference; includeInIndex = 0; lastKnownFileType = wrapper.cfbundle; path = DeviTests.xctest; sourceTree = BUILT_PRODUCTS_DIR; };
		0E0A2CCFB51601FBCF86B313 /* OrnamentalDivider.swift */ = {isa = PBXFileReference; lastKnownFileType = sourcecode.swift; path = OrnamentalDivider.swift; sourceTree = "<group>"; };
		0E7D840F7AE864A89B21805B /* BirthChart.swift */ = {isa = PBXFileReference; lastKnownFileType = sourcecode.swift; path = BirthChart.swift; sourceTree = "<group>"; };
		102F1EE678200B59D8C321CF /* LivingMandalaFlowUITests.swift */ = {isa = PBXFileReference; lastKnownFileType = sourcecode.swift; path = LivingMandalaFlowUITests.swift; sourceTree = "<group>"; };
		13E2CCC23013BC63EFAECA6C /* EclipseImmersiveView.swift */ = {isa = PBXFileReference; lastKnownFileType = sourcecode.swift; path = EclipseImmersiveView.swift; sourceTree = "<group>"; };
		1E7E356D4E4BDC02BFBCB1FB /* WhatsNewSheet.swift */ = {isa = PBXFileReference; lastKnownFileType = sourcecode.swift; path = WhatsNewSheet.swift; sourceTree = "<group>"; };
		28501AFF246A728A4B21023D /* VedicSkyView.swift */ = {isa = PBXFileReference; lastKnownFileType = sourcecode.swift; path = VedicSkyView.swift; sourceTree = "<group>"; };
		2A84FB6D336162FB5BD72146 /* DaySnapshot.swift */ = {isa = PBXFileReference; lastKnownFileType = sourcecode.swift; path = DaySnapshot.swift; sourceTree = "<group>"; };
		2AA5417195DA25327519394C /* AmbientMeditationView.swift */ = {isa = PBXFileReference; lastKnownFileType = sourcecode.swift; path = AmbientMeditationView.swift; sourceTree = "<group>"; };
		2B3628C62ABE084D82A65819 /* HoraCard.swift */ = {isa = PBXFileReference; lastKnownFileType = sourcecode.swift; path = HoraCard.swift; sourceTree = "<group>"; };
		2E3CF612C734C87408187F38 /* RitualMotionGate.swift */ = {isa = PBXFileReference; lastKnownFileType = sourcecode.swift; path = RitualMotionGate.swift; sourceTree = "<group>"; };
		2ED73DBA852A3A4BC9C00E5E /* Theme.swift */ = {isa = PBXFileReference; lastKnownFileType = sourcecode.swift; path = Theme.swift; sourceTree = "<group>"; };
		35629CE298DF0383287A6AFB /* CosmicSignatureService.swift */ = {isa = PBXFileReference; lastKnownFileType = sourcecode.swift; path = CosmicSignatureService.swift; sourceTree = "<group>"; };
		35B1C0538646A285D24251B7 /* HoroscopeWhySheet.swift */ = {isa = PBXFileReference; lastKnownFileType = sourcecode.swift; path = HoroscopeWhySheet.swift; sourceTree = "<group>"; };
		360B289972920360586AA1CC /* EclipseCard.swift */ = {isa = PBXFileReference; lastKnownFileType = sourcecode.swift; path = EclipseCard.swift; sourceTree = "<group>"; };
		38B2F0E2D69E31D81A8EF4F0 /* PanchangSkeletonView.swift */ = {isa = PBXFileReference; lastKnownFileType = sourcecode.swift; path = PanchangSkeletonView.swift; sourceTree = "<group>"; };
		3C62DF9C9BB429476D6467FF /* horoscope_library.json */ = {isa = PBXFileReference; lastKnownFileType = text.json; path = horoscope_library.json; sourceTree = "<group>"; };
		4010091F8B703329D6507FB9 /* HoraImmersiveView.swift */ = {isa = PBXFileReference; lastKnownFileType = sourcecode.swift; path = HoraImmersiveView.swift; sourceTree = "<group>"; };
		42768E6995593EC9DAD7C9DA /* ShareTextBuilder.swift */ = {isa = PBXFileReference; lastKnownFileType = sourcecode.swift; path = ShareTextBuilder.swift; sourceTree = "<group>"; };
		443E05B8B65D4E3900BC0BDE /* HomeView.swift */ = {isa = PBXFileReference; lastKnownFileType = sourcecode.swift; path = HomeView.swift; sourceTree = "<group>"; };
		463C6BC7EA5612F2261721C5 /* VedicCalculatorTests.swift */ = {isa = PBXFileReference; lastKnownFileType = sourcecode.swift; path = VedicCalculatorTests.swift; sourceTree = "<group>"; };
		4CB9250793BFE09DD61B0383 /* PanchangCalculator.swift */ = {isa = PBXFileReference; lastKnownFileType = sourcecode.swift; path = PanchangCalculator.swift; sourceTree = "<group>"; };
		548F791E3F939DF2F4500A73 /* DeviUITests.xctest */ = {isa = PBXFileReference; includeInIndex = 0; lastKnownFileType = wrapper.cfbundle; path = DeviUITests.xctest; sourceTree = BUILT_PRODUCTS_DIR; };
		567039FD002DEB88A49D03AA /* ImmersiveDetailRouter.swift */ = {isa = PBXFileReference; lastKnownFileType = sourcecode.swift; path = ImmersiveDetailRouter.swift; sourceTree = "<group>"; };
		56C2BFC5808A41D6DF080131 /* CosmicSignatureCard.swift */ = {isa = PBXFileReference; lastKnownFileType = sourcecode.swift; path = CosmicSignatureCard.swift; sourceTree = "<group>"; };
		5BFFEFAC4ECFCFF619FFCF22 /* DailyHoroscopeCard.swift */ = {isa = PBXFileReference; lastKnownFileType = sourcecode.swift; path = DailyHoroscopeCard.swift; sourceTree = "<group>"; };
		5C20C61B6EEF9EDEBD30BBAF /* MantraRitualView.swift */ = {isa = PBXFileReference; lastKnownFileType = sourcecode.swift; path = MantraRitualView.swift; sourceTree = "<group>"; };
		5C8D19DE43AC54E5B52BC369 /* HoroscopeEngine.swift */ = {isa = PBXFileReference; lastKnownFileType = sourcecode.swift; path = HoroscopeEngine.swift; sourceTree = "<group>"; };
		5CB2AA4C000659BFC691D2C8 /* DaySnapshotStore.swift */ = {isa = PBXFileReference; lastKnownFileType = sourcecode.swift; path = DaySnapshotStore.swift; sourceTree = "<group>"; };
		5F7892AF693605110687FAE6 /* TimeWindowsCard.swift */ = {isa = PBXFileReference; lastKnownFileType = sourcecode.swift; path = TimeWindowsCard.swift; sourceTree = "<group>"; };
		61C53B0839CC8F81A3E5C419 /* NavratriCard.swift */ = {isa = PBXFileReference; lastKnownFileType = sourcecode.swift; path = NavratriCard.swift; sourceTree = "<group>"; };
		6394B45CE3D7C5A2A58F48E9 /* RightNowCard.swift */ = {isa = PBXFileReference; lastKnownFileType = sourcecode.swift; path = RightNowCard.swift; sourceTree = "<group>"; };
		63C7B6002EF5479EF8874719 /* BirthDataInputView.swift */ = {isa = PBXFileReference; lastKnownFileType = sourcecode.swift; path = BirthDataInputView.swift; sourceTree = "<group>"; };
		652253D394F54C12ED04608E /* ShareCardRenderer.swift */ = {isa = PBXFileReference; lastKnownFileType = sourcecode.swift; path = ShareCardRenderer.swift; sourceTree = "<group>"; };
		67BDA0FAAD80FC098970ED19 /* MantraRitualStateTests.swift */ = {isa = PBXFileReference; lastKnownFileType = sourcecode.swift; path = MantraRitualStateTests.swift; sourceTree = "<group>"; };
		6B741C0639B5C601228DA942 /* cosmic_signature_library.json */ = {isa = PBXFileReference; lastKnownFileType = text.json; path = cosmic_signature_library.json; sourceTree = "<group>"; };
		78BC5A60A663162A67C89A2A /* VedicSkyMotionManager.swift */ = {isa = PBXFileReference; lastKnownFileType = sourcecode.swift; path = VedicSkyMotionManager.swift; sourceTree = "<group>"; };
		7A1815747C232A6F55E52048 /* CollapsibleSectionCard.swift */ = {isa = PBXFileReference; lastKnownFileType = sourcecode.swift; path = CollapsibleSectionCard.swift; sourceTree = "<group>"; };
		7BE3D31BB01F6DA3D5B4372B /* FestivalEngineTests.swift */ = {isa = PBXFileReference; lastKnownFileType = sourcecode.swift; path = FestivalEngineTests.swift; sourceTree = "<group>"; };
		7BF35E9FB2B731D95A2F6834 /* NotificationService.swift */ = {isa = PBXFileReference; lastKnownFileType = sourcecode.swift; path = NotificationService.swift; sourceTree = "<group>"; };
		7C7B4F42CE90C7CF3CC7A487 /* SettingsView.swift */ = {isa = PBXFileReference; lastKnownFileType = sourcecode.swift; path = SettingsView.swift; sourceTree = "<group>"; };
		7FED11A4877FFCD9F0FEE0BD /* ShareCardView.swift */ = {isa = PBXFileReference; lastKnownFileType = sourcecode.swift; path = ShareCardView.swift; sourceTree = "<group>"; };
		81974180778ED08EBDF7FC0F /* RitualShareCardView.swift */ = {isa = PBXFileReference; lastKnownFileType = sourcecode.swift; path = RitualShareCardView.swift; sourceTree = "<group>"; };
		8245914454C981BCF9E8721B /* DeviNotificationDelegate.swift */ = {isa = PBXFileReference; lastKnownFileType = sourcecode.swift; path = DeviNotificationDelegate.swift; sourceTree = "<group>"; };
		8671B2E2810F5DB127BCD949 /* CitySearchService.swift */ = {isa = PBXFileReference; lastKnownFileType = sourcecode.swift; path = CitySearchService.swift; sourceTree = "<group>"; };
		8682C218AD656AE031131FD5 /* ThemePalettes.swift */ = {isa = PBXFileReference; lastKnownFileType = sourcecode.swift; path = ThemePalettes.swift; sourceTree = "<group>"; };
		8F51FCE603D5C027F1587D71 /* HoroscopeContentLibraryData.swift */ = {isa = PBXFileReference; lastKnownFileType = sourcecode.swift; path = HoroscopeContentLibraryData.swift; sourceTree = "<group>"; };
		994447445F8414E27DDFED04 /* PanchangDetailSheet.swift */ = {isa = PBXFileReference; lastKnownFileType = sourcecode.swift; path = PanchangDetailSheet.swift; sourceTree = "<group>"; };
		9B8C38CD9EF16A21F9BB145F /* DeviApp.swift */ = {isa = PBXFileReference; lastKnownFileType = sourcecode.swift; path = DeviApp.swift; sourceTree = "<group>"; };
		A3CD313ECBD6E3B4210C728D /* PanchangViewModelTests.swift */ = {isa = PBXFileReference; lastKnownFileType = sourcecode.swift; path = PanchangViewModelTests.swift; sourceTree = "<group>"; };
		AB7A46C6A605215BE4AD488C /* YourDayArchiveView.swift */ = {isa = PBXFileReference; lastKnownFileType = sourcecode.swift; path = YourDayArchiveView.swift; sourceTree = "<group>"; };
		AC5F1E15A52C127B0FBCD4BC /* PanchangIntegrationTests.swift */ = {isa = PBXFileReference; lastKnownFileType = sourcecode.swift; path = PanchangIntegrationTests.swift; sourceTree = "<group>"; };
		ACAB8461D43AB162015FE466 /* CelestialHeroView.swift */ = {isa = PBXFileReference; lastKnownFileType = sourcecode.swift; path = CelestialHeroView.swift; sourceTree = "<group>"; };
		B36CAC10BFF43C5390079499 /* PanchangCalculatorTests.swift */ = {isa = PBXFileReference; lastKnownFileType = sourcecode.swift; path = PanchangCalculatorTests.swift; sourceTree = "<group>"; };
		B5F37171BB5BCFC490113269 /* Devi.app */ = {isa = PBXFileReference; includeInIndex = 0; lastKnownFileType = wrapper.application; path = Devi.app; sourceTree = BUILT_PRODUCTS_DIR; };
		B5F55DE47D220CB33FB2A79C /* ChoghadiyaCard.swift */ = {isa = PBXFileReference; lastKnownFileType = sourcecode.swift; path = ChoghadiyaCard.swift; sourceTree = "<group>"; };
		BA76E848BCC85F71C8F2F932 /* NavratriImmersiveView.swift */ = {isa = PBXFileReference; lastKnownFileType = sourcecode.swift; path = NavratriImmersiveView.swift; sourceTree = "<group>"; };
		C450B088E4224ABD6C00279A /* SplashView.swift */ = {isa = PBXFileReference; lastKnownFileType = sourcecode.swift; path = SplashView.swift; sourceTree = "<group>"; };
		C48727AA41391F93867A785C /* FestivalEngine.swift */ = {isa = PBXFileReference; lastKnownFileType = sourcecode.swift; path = FestivalEngine.swift; sourceTree = "<group>"; };
		C558AC5E79C219207B15B07C /* TithiImmersiveView.swift */ = {isa = PBXFileReference; lastKnownFileType = sourcecode.swift; path = TithiImmersiveView.swift; sourceTree = "<group>"; };
		C9BA6A319A6F8B14F0C9075A /* PanchangRitualViewModelTests.swift */ = {isa = PBXFileReference; lastKnownFileType = sourcecode.swift; path = PanchangRitualViewModelTests.swift; sourceTree = "<group>"; };
		CCDD40FACCCF7C25BDCE9C32 /* NakshatraImmersiveView.swift */ = {isa = PBXFileReference; lastKnownFileType = sourcecode.swift; path = NakshatraImmersiveView.swift; sourceTree = "<group>"; };
		D33BA4315AD962E2C697C3D0 /* PanchangViewModel.swift */ = {isa = PBXFileReference; lastKnownFileType = sourcecode.swift; path = PanchangViewModel.swift; sourceTree = "<group>"; };
		D40FE13768033F483BCEA6DC /* Assets.xcassets */ = {isa = PBXFileReference; lastKnownFileType = folder.assetcatalog; path = Assets.xcassets; sourceTree = "<group>"; };
		D6C4E430092A2D5C0DA704CB /* UpcomingEventsSheet.swift */ = {isa = PBXFileReference; lastKnownFileType = sourcecode.swift; path = UpcomingEventsSheet.swift; sourceTree = "<group>"; };
		D81FA1582C6CC8D435E75D30 /* MantraCard.swift */ = {isa = PBXFileReference; lastKnownFileType = sourcecode.swift; path = MantraCard.swift; sourceTree = "<group>"; };
		D841F44870521127345B2497 /* TodayDetailsSection.swift */ = {isa = PBXFileReference; lastKnownFileType = sourcecode.swift; path = TodayDetailsSection.swift; sourceTree = "<group>"; };
		D9A21652F47D818692414FED /* MantraRitualState.swift */ = {isa = PBXFileReference; lastKnownFileType = sourcecode.swift; path = MantraRitualState.swift; sourceTree = "<group>"; };
		DE53B0314E4356EEF4A77BBA /* PanchangData.swift */ = {isa = PBXFileReference; lastKnownFileType = sourcecode.swift; path = PanchangData.swift; sourceTree = "<group>"; };
		E09C4017C2811FC941DD4451 /* StarFieldView.swift */ = {isa = PBXFileReference; lastKnownFileType = sourcecode.swift; path = StarFieldView.swift; sourceTree = "<group>"; };
		E30F9801D12E0EBBD9D1065B /* PanchangElement.swift */ = {isa = PBXFileReference; lastKnownFileType = sourcecode.swift; path = PanchangElement.swift; sourceTree = "<group>"; };
		E9A91B6E41687DAADFF2808B /* PanchangDescriptions.swift */ = {isa = PBXFileReference; lastKnownFileType = sourcecode.swift; path = PanchangDescriptions.swift; sourceTree = "<group>"; };
		EA0A089BC8417CC0FA724DB6 /* MantraImmersiveView.swift */ = {isa = PBXFileReference; lastKnownFileType = sourcecode.swift; path = MantraImmersiveView.swift; sourceTree = "<group>"; };
		F5A4B24F6B8DF656A37167ED /* LivingMandalaView.swift */ = {isa = PBXFileReference; lastKnownFileType = sourcecode.swift; path = LivingMandalaView.swift; sourceTree = "<group>"; };
		F7D21D4B060787531B830527 /* OnboardingView.swift */ = {isa = PBXFileReference; lastKnownFileType = sourcecode.swift; path = OnboardingView.swift; sourceTree = "<group>"; };
		F8EE27063D3384EA028D4F87 /* PrivacyInfo.xcprivacy */ = {isa = PBXFileReference; path = PrivacyInfo.xcprivacy; sourceTree = "<group>"; };
		F93559BC3A2F9EC4D6744F33 /* VedicCalculator.swift */ = {isa = PBXFileReference; lastKnownFileType = sourcecode.swift; path = VedicCalculator.swift; sourceTree = "<group>"; };
		F98DE8EE21C51D78BA8CB591 /* HoroscopeContentLibrary.swift */ = {isa = PBXFileReference; lastKnownFileType = sourcecode.swift; path = HoroscopeContentLibrary.swift; sourceTree = "<group>"; };
/* End PBXFileReference section */

/* Begin PBXFrameworksBuildPhase section */
		5AA97A4A8B5305455BD0F778 /* Frameworks */ = {
			isa = PBXFrameworksBuildPhase;
			buildActionMask = 2147483647;
			files = (
				53EB548AF45411CA45FFB15A /* Solar in Frameworks */,
				A3EE7BD1825D0870F742AFDA /* SwissEphemeris in Frameworks */,
			);
			runOnlyForDeploymentPostprocessing = 0;
		};
		BE6281B42EFA576137A95B8C /* Frameworks */ = {
			isa = PBXFrameworksBuildPhase;
			buildActionMask = 2147483647;
			files = (
				559624404B70E2F0FA657964 /* SwissEphemeris in Frameworks */,
			);
			runOnlyForDeploymentPostprocessing = 0;
		};
/* End PBXFrameworksBuildPhase section */

/* Begin PBXGroup section */
		24431773675F89C667CBFE20 /* Devi */ = {
			isa = PBXGroup;
			children = (
				D40FE13768033F483BCEA6DC /* Assets.xcassets */,
				9B8C38CD9EF16A21F9BB145F /* DeviApp.swift */,
				8245914454C981BCF9E8721B /* DeviNotificationDelegate.swift */,
				F8EE27063D3384EA028D4F87 /* PrivacyInfo.xcprivacy */,
				63D4C2FC48BFDEA82A2DC0A7 /* Models */,
				CA59B5D87D3B582225AA9984 /* Resources */,
				AFAA87FA2E7674A778B7F622 /* Utils */,
				8481CF9F392B620436155731 /* Views */,
			);
			path = Devi;
			sourceTree = "<group>";
		};
		3082AD127E7564669C54DEA8 /* DeviUITests */ = {
			isa = PBXGroup;
			children = (
				102F1EE678200B59D8C321CF /* LivingMandalaFlowUITests.swift */,
			);
			path = DeviUITests;
			sourceTree = "<group>";
		};
		35751FBC4DDE6B3BD69E451D /* DeviTests */ = {
			isa = PBXGroup;
			children = (
				013E57B5D85E77D3D08D617F /* DaySnapshotStoreTests.swift */,
				7BE3D31BB01F6DA3D5B4372B /* FestivalEngineTests.swift */,
				02AA6ADF2B4449186B1B4D42 /* HoroscopeEngineVariantTests.swift */,
				67BDA0FAAD80FC098970ED19 /* MantraRitualStateTests.swift */,
				B36CAC10BFF43C5390079499 /* PanchangCalculatorTests.swift */,
				AC5F1E15A52C127B0FBCD4BC /* PanchangIntegrationTests.swift */,
				C9BA6A319A6F8B14F0C9075A /* PanchangRitualViewModelTests.swift */,
				A3CD313ECBD6E3B4210C728D /* PanchangViewModelTests.swift */,
				463C6BC7EA5612F2261721C5 /* VedicCalculatorTests.swift */,
			);
			path = DeviTests;
			sourceTree = "<group>";
		};
		4914BAD1C99EF5D62BB857EB /* Components */ = {
			isa = PBXGroup;
			children = (
				2AA5417195DA25327519394C /* AmbientMeditationView.swift */,
				ACAB8461D43AB162015FE466 /* CelestialHeroView.swift */,
				B5F55DE47D220CB33FB2A79C /* ChoghadiyaCard.swift */,
				7A1815747C232A6F55E52048 /* CollapsibleSectionCard.swift */,
				56C2BFC5808A41D6DF080131 /* CosmicSignatureCard.swift */,
				5BFFEFAC4ECFCFF619FFCF22 /* DailyHoroscopeCard.swift */,
				360B289972920360586AA1CC /* EclipseCard.swift */,
				13E2CCC23013BC63EFAECA6C /* EclipseImmersiveView.swift */,
				033869502105F00F9E8AD897 /* GrahaImmersiveView.swift */,
				2B3628C62ABE084D82A65819 /* HoraCard.swift */,
				4010091F8B703329D6507FB9 /* HoraImmersiveView.swift */,
				35B1C0538646A285D24251B7 /* HoroscopeWhySheet.swift */,
				567039FD002DEB88A49D03AA /* ImmersiveDetailRouter.swift */,
				F5A4B24F6B8DF656A37167ED /* LivingMandalaView.swift */,
				D81FA1582C6CC8D435E75D30 /* MantraCard.swift */,
				EA0A089BC8417CC0FA724DB6 /* MantraImmersiveView.swift */,
				5C20C61B6EEF9EDEBD30BBAF /* MantraRitualView.swift */,
				CCDD40FACCCF7C25BDCE9C32 /* NakshatraImmersiveView.swift */,
				61C53B0839CC8F81A3E5C419 /* NavratriCard.swift */,
				BA76E848BCC85F71C8F2F932 /* NavratriImmersiveView.swift */,
				0E0A2CCFB51601FBCF86B313 /* OrnamentalDivider.swift */,
				994447445F8414E27DDFED04 /* PanchangDetailSheet.swift */,
				38B2F0E2D69E31D81A8EF4F0 /* PanchangSkeletonView.swift */,
				6394B45CE3D7C5A2A58F48E9 /* RightNowCard.swift */,
				81974180778ED08EBDF7FC0F /* RitualShareCardView.swift */,
				7FED11A4877FFCD9F0FEE0BD /* ShareCardView.swift */,
				C450B088E4224ABD6C00279A /* SplashView.swift */,
				E09C4017C2811FC941DD4451 /* StarFieldView.swift */,
				5F7892AF693605110687FAE6 /* TimeWindowsCard.swift */,
				C558AC5E79C219207B15B07C /* TithiImmersiveView.swift */,
				D841F44870521127345B2497 /* TodayDetailsSection.swift */,
				D6C4E430092A2D5C0DA704CB /* UpcomingEventsSheet.swift */,
				28501AFF246A728A4B21023D /* VedicSkyView.swift */,
				1E7E356D4E4BDC02BFBCB1FB /* WhatsNewSheet.swift */,
				AB7A46C6A605215BE4AD488C /* YourDayArchiveView.swift */,
			);
			path = Components;
			sourceTree = "<group>";
		};
		63D4C2FC48BFDEA82A2DC0A7 /* Models */ = {
			isa = PBXGroup;
			children = (
				0E7D840F7AE864A89B21805B /* BirthChart.swift */,
				8671B2E2810F5DB127BCD949 /* CitySearchService.swift */,
				35629CE298DF0383287A6AFB /* CosmicSignatureService.swift */,
				09CCD6EC44FF0C844D532EE4 /* DailyHoroscope.swift */,
				2A84FB6D336162FB5BD72146 /* DaySnapshot.swift */,
				5CB2AA4C000659BFC691D2C8 /* DaySnapshotStore.swift */,
				C48727AA41391F93867A785C /* FestivalEngine.swift */,
				F98DE8EE21C51D78BA8CB591 /* HoroscopeContentLibrary.swift */,
				8F51FCE603D5C027F1587D71 /* HoroscopeContentLibraryData.swift */,
				5C8D19DE43AC54E5B52BC369 /* HoroscopeEngine.swift */,
				D9A21652F47D818692414FED /* MantraRitualState.swift */,
				7BF35E9FB2B731D95A2F6834 /* NotificationService.swift */,
				4CB9250793BFE09DD61B0383 /* PanchangCalculator.swift */,
				DE53B0314E4356EEF4A77BBA /* PanchangData.swift */,
				E9A91B6E41687DAADFF2808B /* PanchangDescriptions.swift */,
				E30F9801D12E0EBBD9D1065B /* PanchangElement.swift */,
				D33BA4315AD962E2C697C3D0 /* PanchangViewModel.swift */,
				652253D394F54C12ED04608E /* ShareCardRenderer.swift */,
				42768E6995593EC9DAD7C9DA /* ShareTextBuilder.swift */,
				F93559BC3A2F9EC4D6744F33 /* VedicCalculator.swift */,
			);
			path = Models;
			sourceTree = "<group>";
		};
		8481CF9F392B620436155731 /* Views */ = {
			isa = PBXGroup;
			children = (
				63C7B6002EF5479EF8874719 /* BirthDataInputView.swift */,
				443E05B8B65D4E3900BC0BDE /* HomeView.swift */,
				F7D21D4B060787531B830527 /* OnboardingView.swift */,
				7C7B4F42CE90C7CF3CC7A487 /* SettingsView.swift */,
				4914BAD1C99EF5D62BB857EB /* Components */,
			);
			path = Views;
			sourceTree = "<group>";
		};
		AFAA87FA2E7674A778B7F622 /* Utils */ = {
			isa = PBXGroup;
			children = (
				2E3CF612C734C87408187F38 /* RitualMotionGate.swift */,
				2ED73DBA852A3A4BC9C00E5E /* Theme.swift */,
				8682C218AD656AE031131FD5 /* ThemePalettes.swift */,
				78BC5A60A663162A67C89A2A /* VedicSkyMotionManager.swift */,
			);
			path = Utils;
			sourceTree = "<group>";
		};
		CA59B5D87D3B582225AA9984 /* Resources */ = {
			isa = PBXGroup;
			children = (
				6B741C0639B5C601228DA942 /* cosmic_signature_library.json */,
				3C62DF9C9BB429476D6467FF /* horoscope_library.json */,
			);
			path = Resources;
			sourceTree = "<group>";
		};
		E6DB0AC33D7B074937D6B05E = {
			isa = PBXGroup;
			children = (
				24431773675F89C667CBFE20 /* Devi */,
				35751FBC4DDE6B3BD69E451D /* DeviTests */,
				3082AD127E7564669C54DEA8 /* DeviUITests */,
				FF301D0F60B60F4F9D9C4B95 /* Products */,
			);
			sourceTree = "<group>";
		};
		FF301D0F60B60F4F9D9C4B95 /* Products */ = {
			isa = PBXGroup;
			children = (
				B5F37171BB5BCFC490113269 /* Devi.app */,
				0C8B38CEF48597D3EBE6B61E /* DeviTests.xctest */,
				548F791E3F939DF2F4500A73 /* DeviUITests.xctest */,
			);
			name = Products;
			sourceTree = "<group>";
		};
/* End PBXGroup section */

/* Begin PBXNativeTarget section */
		106544B20154815168C30CEC /* DeviTests */ = {
			isa = PBXNativeTarget;
			buildConfigurationList = 6FB23C55B98F78B22011A1FC /* Build configuration list for PBXNativeTarget "DeviTests" */;
			buildPhases = (
				C9529F676352EADEB022A310 /* Sources */,
				BE6281B42EFA576137A95B8C /* Frameworks */,
			);
			buildRules = (
			);
			dependencies = (
				A5FA6C48DF2EDEE799A47C3E /* PBXTargetDependency */,
			);
			name = DeviTests;
			packageProductDependencies = (
				66786E3737FDCA2490A2BECA /* SwissEphemeris */,
			);
			productName = DeviTests;
			productReference = 0C8B38CEF48597D3EBE6B61E /* DeviTests.xctest */;
			productType = "com.apple.product-type.bundle.unit-test";
		};
		62CF76CE48BD90253DCD44E0 /* Devi */ = {
			isa = PBXNativeTarget;
			buildConfigurationList = C363D8B438CF27CAD3DFAA67 /* Build configuration list for PBXNativeTarget "Devi" */;
			buildPhases = (
				BA73B945ED4921F1409CAEB0 /* Sources */,
				34F8211EC949268AA53277C6 /* Resources */,
				5AA97A4A8B5305455BD0F778 /* Frameworks */,
			);
			buildRules = (
			);
			dependencies = (
			);
			name = Devi;
			packageProductDependencies = (
				8770626AEDBE1DA0D475369D /* Solar */,
				DC9406F18B90AF0917117B76 /* SwissEphemeris */,
			);
			productName = Devi;
			productReference = B5F37171BB5BCFC490113269 /* Devi.app */;
			productType = "com.apple.product-type.application";
		};
		FFAA434B06C4F722D8A3A0F3 /* DeviUITests */ = {
			isa = PBXNativeTarget;
			buildConfigurationList = D3E308D1C8DBE49AF1539D46 /* Build configuration list for PBXNativeTarget "DeviUITests" */;
			buildPhases = (
				30CC402A622E29379C49B168 /* Sources */,
			);
			buildRules = (
			);
			dependencies = (
				5D130242D1CBC784FD0A5644 /* PBXTargetDependency */,
			);
			name = DeviUITests;
			packageProductDependencies = (
			);
			productName = DeviUITests;
			productReference = 548F791E3F939DF2F4500A73 /* DeviUITests.xctest */;
			productType = "com.apple.product-type.bundle.ui-testing";
		};
/* End PBXNativeTarget section */

/* Begin PBXProject section */
		FB09475CAD690A281AA404CC /* Project object */ = {
			isa = PBXProject;
			attributes = {
				BuildIndependentTargetsInParallel = YES;
				LastUpgradeCheck = 1600;
				TargetAttributes = {
					62CF76CE48BD90253DCD44E0 = {
						DevelopmentTeam = KTK5RL3ZR3;
						ProvisioningStyle = Automatic;
					};
					FFAA434B06C4F722D8A3A0F3 = {
						TestTargetID = 62CF76CE48BD90253DCD44E0;
					};
				};
			};
			buildConfigurationList = EA283B955B8D233891C1A448 /* Build configuration list for PBXProject "Devi" */;
			compatibilityVersion = "Xcode 14.0";
			developmentRegion = en;
			hasScannedForEncodings = 0;
			knownRegions = (
				Base,
				en,
			);
			mainGroup = E6DB0AC33D7B074937D6B05E;
			minimizedProjectReferenceProxies = 1;
			packageReferences = (
				F59F77AF57F6B6A678C1D1E9 /* XCRemoteSwiftPackageReference "Solar" */,
				E9F2E605191273FE3F9F2C9B /* XCRemoteSwiftPackageReference "SwissEphemeris" */,
			);
			preferredProjectObjectVersion = 77;
			projectDirPath = "";
			projectRoot = "";
			targets = (
				62CF76CE48BD90253DCD44E0 /* Devi */,
				106544B20154815168C30CEC /* DeviTests */,
				FFAA434B06C4F722D8A3A0F3 /* DeviUITests */,
			);
		};
/* End PBXProject section */

/* Begin PBXResourcesBuildPhase section */
		34F8211EC949268AA53277C6 /* Resources */ = {
			isa = PBXResourcesBuildPhase;
			buildActionMask = 2147483647;
			files = (
				D242439F6807E30BD55D80D4 /* Assets.xcassets in Resources */,
				8992D5E9996958173E0A21FB /* PrivacyInfo.xcprivacy in Resources */,
				76AFAA4AFAEA636AA85A2858 /* cosmic_signature_library.json in Resources */,
				5F6921B1A876F2E02966CB5E /* horoscope_library.json in Resources */,
			);
			runOnlyForDeploymentPostprocessing = 0;
		};
/* End PBXResourcesBuildPhase section */

/* Begin PBXSourcesBuildPhase section */
		30CC402A622E29379C49B168 /* Sources */ = {
			isa = PBXSourcesBuildPhase;
			buildActionMask = 2147483647;
			files = (
				74F59ED4639AC905BFC18998 /* LivingMandalaFlowUITests.swift in Sources */,
			);
			runOnlyForDeploymentPostprocessing = 0;
		};
		BA73B945ED4921F1409CAEB0 /* Sources */ = {
			isa = PBXSourcesBuildPhase;
			buildActionMask = 2147483647;
			files = (
				49B683FE7E20B75F597BBD2C /* AmbientMeditationView.swift in Sources */,
				7B0E9795A87EF475225A63D0 /* BirthChart.swift in Sources */,
				3860A0C5E7E8EBDDE33BE0A0 /* BirthDataInputView.swift in Sources */,
				A20E1A93693D62D9AF07E596 /* CelestialHeroView.swift in Sources */,
				56B0C67F081E750289818964 /* ChoghadiyaCard.swift in Sources */,
				D562F95BC00B2CF62F1AA3D1 /* CitySearchService.swift in Sources */,
				BB17FB7B8C16645B7689C2FB /* CollapsibleSectionCard.swift in Sources */,
				7F91FA1E0A77DD7E0E4D7B9D /* CosmicSignatureCard.swift in Sources */,
				71D519F2868C2EE0819D0FE4 /* CosmicSignatureService.swift in Sources */,
				F455D4049C3DFE659B2BC780 /* DailyHoroscope.swift in Sources */,
				6417150C3CC2E6CF46A87DF7 /* DailyHoroscopeCard.swift in Sources */,
				5E3FC8620BF84A08E414C729 /* DaySnapshot.swift in Sources */,
				A1AD64CDE73B39ED708F6BDF /* DaySnapshotStore.swift in Sources */,
				B2970D3963ED8B84FDA27A19 /* DeviApp.swift in Sources */,
				BB13D21BD0B6D0F48A0EB89C /* DeviNotificationDelegate.swift in Sources */,
				02C6D1FD157998C26E7416B9 /* EclipseCard.swift in Sources */,
				FFDB6BB3B06B31F3F1325A92 /* EclipseImmersiveView.swift in Sources */,
				F1C112891FF7594EBF4F781B /* FestivalEngine.swift in Sources */,
				1328185EC8FD8AC59073DB65 /* GrahaImmersiveView.swift in Sources */,
				033C35B8D8C67417071612C3 /* HomeView.swift in Sources */,
				1AC16C7E8847CB31A16E24A3 /* HoraCard.swift in Sources */,
				3A67F38F63892ACD824B97F5 /* HoraImmersiveView.swift in Sources */,
				A0537DCC64EBC4F94496F641 /* HoroscopeContentLibrary.swift in Sources */,
				9DD61891DB34E25C93530F36 /* HoroscopeContentLibraryData.swift in Sources */,
				624E5AF00F42EDA4A17ECE19 /* HoroscopeEngine.swift in Sources */,
				8048089370A230E90252292D /* HoroscopeWhySheet.swift in Sources */,
				791512C664A793D2A7BC135F /* ImmersiveDetailRouter.swift in Sources */,
				31F667B523D8DA5A629D6AC9 /* LivingMandalaView.swift in Sources */,
				B982EA76D203C242C49853BC /* MantraCard.swift in Sources */,
				E64B749D9006963AA44B0B38 /* MantraImmersiveView.swift in Sources */,
				E4F8886C56598F9B84413325 /* MantraRitualState.swift in Sources */,
				61629C79293C5B181B706DBC /* MantraRitualView.swift in Sources */,
				1A6F1196F35937BD46F24956 /* NakshatraImmersiveView.swift in Sources */,
				45B68F4C1727771AC5545D32 /* NavratriCard.swift in Sources */,
				708E7940DAE93761EEE03CB1 /* NavratriImmersiveView.swift in Sources */,
				C19C27D51654472CE9003804 /* NotificationService.swift in Sources */,
				4BD78E7E4989BAAE3EEAD12C /* OnboardingView.swift in Sources */,
				D694479C65408F156F68ED12 /* OrnamentalDivider.swift in Sources */,
				561B3143C07D20B5677CE9B9 /* PanchangCalculator.swift in Sources */,
				36D7022F3BA3131431CD28EF /* PanchangData.swift in Sources */,
				564484D212F09B3E5AC53B18 /* PanchangDescriptions.swift in Sources */,
				5097A9E579276D1E06D6FBD9 /* PanchangDetailSheet.swift in Sources */,
				C54A04ED991BFEE0E79B7AB4 /* PanchangElement.swift in Sources */,
				CA126CEA7A3B889CD64DA13F /* PanchangSkeletonView.swift in Sources */,
				892B00AE998EA6A17EA6BC39 /* PanchangViewModel.swift in Sources */,
				042795BD186B3F379E603971 /* RightNowCard.swift in Sources */,
				70C40DCF0FA0E20F35E858FB /* RitualMotionGate.swift in Sources */,
				B2590C6ED2CF051B9EDD9128 /* RitualShareCardView.swift in Sources */,
				90EE3123362AF50864DDE71C /* SettingsView.swift in Sources */,
				D676D0BFEE9487FA96C77D34 /* ShareCardRenderer.swift in Sources */,
				E574296E06EE9C16B5996C00 /* ShareCardView.swift in Sources */,
				D3F4D6E623EDD5A5157196B6 /* ShareTextBuilder.swift in Sources */,
				5EB599C9AC45D7298D64A3E3 /* SplashView.swift in Sources */,
				41142C81C5E2D770EC583DD4 /* StarFieldView.swift in Sources */,
				AA4D0C1B39373B58E3EFECA2 /* Theme.swift in Sources */,
				041C4B7A89FC995267970495 /* ThemePalettes.swift in Sources */,
				07351827A1A1601D9CBBC45E /* TimeWindowsCard.swift in Sources */,
				8D41F88A0DBD80BC84E06CB9 /* TithiImmersiveView.swift in Sources */,
				8603D9EE7F01B8A15B92F4AD /* TodayDetailsSection.swift in Sources */,
				E215CE28308DE6ED3D867351 /* UpcomingEventsSheet.swift in Sources */,
				42FE1E1812A05B960A355B67 /* VedicCalculator.swift in Sources */,
				53ACCE7EEB020C6259E66DD0 /* VedicSkyMotionManager.swift in Sources */,
				B78F3AB26D72C5A1F22739BD /* VedicSkyView.swift in Sources */,
				8FE0D3661114A20B1FC604ED /* WhatsNewSheet.swift in Sources */,
				5759D4EFCFFB7FDCD8E7DFF7 /* YourDayArchiveView.swift in Sources */,
			);
			runOnlyForDeploymentPostprocessing = 0;
		};
		C9529F676352EADEB022A310 /* Sources */ = {
			isa = PBXSourcesBuildPhase;
			buildActionMask = 2147483647;
			files = (
				7A1ED5EEC6093D55C4EF30DC /* DaySnapshotStoreTests.swift in Sources */,
				7B6A8BF3CFA9E14750B5DB44 /* FestivalEngineTests.swift in Sources */,
				6E15499C3DF5D4FF1D78A0C1 /* HoroscopeEngineVariantTests.swift in Sources */,
				B07211B7DD0C7E4208542FC7 /* MantraRitualStateTests.swift in Sources */,
				CB25FABBF7A538EBB8428BEB /* PanchangCalculatorTests.swift in Sources */,
				0F6D605D5B1D6E6D380D3770 /* PanchangIntegrationTests.swift in Sources */,
				D745EDF5932863F46ABB5201 /* PanchangRitualViewModelTests.swift in Sources */,
				8DBED32007EB0171D49C0960 /* PanchangViewModelTests.swift in Sources */,
				FAD1BCA1A51DFC533472ED90 /* VedicCalculatorTests.swift in Sources */,
			);
			runOnlyForDeploymentPostprocessing = 0;
		};
/* End PBXSourcesBuildPhase section */

/* Begin PBXTargetDependency section */
		5D130242D1CBC784FD0A5644 /* PBXTargetDependency */ = {
			isa = PBXTargetDependency;
			target = 62CF76CE48BD90253DCD44E0 /* Devi */;
			targetProxy = 09D880B117CD98E22BB1D6D7 /* PBXContainerItemProxy */;
		};
		A5FA6C48DF2EDEE799A47C3E /* PBXTargetDependency */ = {
			isa = PBXTargetDependency;
			target = 62CF76CE48BD90253DCD44E0 /* Devi */;
			targetProxy = E89FBE02644D777C27239152 /* PBXContainerItemProxy */;
		};
/* End PBXTargetDependency section */

/* Begin XCBuildConfiguration section */
		205BFB0288989740D79542D9 /* Debug */ = {
			isa = XCBuildConfiguration;
			buildSettings = {
				ALWAYS_SEARCH_USER_PATHS = NO;
				CLANG_ANALYZER_NONNULL = YES;
				CLANG_ANALYZER_NUMBER_OBJECT_CONVERSION = YES_AGGRESSIVE;
				CLANG_CXX_LANGUAGE_STANDARD = "gnu++14";
				CLANG_CXX_LIBRARY = "libc++";
				CLANG_ENABLE_MODULES = YES;
				CLANG_ENABLE_OBJC_ARC = YES;
				CLANG_ENABLE_OBJC_WEAK = YES;
				CLANG_WARN_BLOCK_CAPTURE_AUTORELEASING = YES;
				CLANG_WARN_BOOL_CONVERSION = YES;
				CLANG_WARN_COMMA = YES;
				CLANG_WARN_CONSTANT_CONVERSION = YES;
				CLANG_WARN_DEPRECATED_OBJC_IMPLEMENTATIONS = YES;
				CLANG_WARN_DIRECT_OBJC_ISA_USAGE = YES_ERROR;
				CLANG_WARN_DOCUMENTATION_COMMENTS = YES;
				CLANG_WARN_EMPTY_BODY = YES;
				CLANG_WARN_ENUM_CONVERSION = YES;
				CLANG_WARN_INFINITE_RECURSION = YES;
				CLANG_WARN_INT_CONVERSION = YES;
				CLANG_WARN_NON_LITERAL_NULL_CONVERSION = YES;
				CLANG_WARN_OBJC_IMPLICIT_RETAIN_SELF = YES;
				CLANG_WARN_OBJC_LITERAL_CONVERSION = YES;
				CLANG_WARN_OBJC_ROOT_CLASS = YES_ERROR;
				CLANG_WARN_QUOTED_INCLUDE_IN_FRAMEWORK_HEADER = YES;
				CLANG_WARN_RANGE_LOOP_ANALYSIS = YES;
				CLANG_WARN_STRICT_PROTOTYPES = YES;
				CLANG_WARN_SUSPICIOUS_MOVE = YES;
				CLANG_WARN_UNGUARDED_AVAILABILITY = YES_AGGRESSIVE;
				CLANG_WARN_UNREACHABLE_CODE = YES;
				CLANG_WARN__DUPLICATE_METHOD_MATCH = YES;
				COPY_PHASE_STRIP = NO;
				DEBUG_INFORMATION_FORMAT = dwarf;
				ENABLE_STRICT_OBJC_MSGSEND = YES;
				ENABLE_TESTABILITY = YES;
				GCC_C_LANGUAGE_STANDARD = gnu11;
				GCC_DYNAMIC_NO_PIC = NO;
				GCC_NO_COMMON_BLOCKS = YES;
				GCC_OPTIMIZATION_LEVEL = 0;
				GCC_PREPROCESSOR_DEFINITIONS = (
					"$(inherited)",
					"DEBUG=1",
				);
				GCC_WARN_64_TO_32_BIT_CONVERSION = YES;
				GCC_WARN_ABOUT_RETURN_TYPE = YES_ERROR;
				GCC_WARN_UNDECLARED_SELECTOR = YES;
				GCC_WARN_UNINITIALIZED_AUTOS = YES_AGGRESSIVE;
				GCC_WARN_UNUSED_FUNCTION = YES;
				GCC_WARN_UNUSED_VARIABLE = YES;
				IPHONEOS_DEPLOYMENT_TARGET = 17.0;
				MTL_ENABLE_DEBUG_INFO = INCLUDE_SOURCE;
				MTL_FAST_MATH = YES;
				ONLY_ACTIVE_ARCH = YES;
				PRODUCT_NAME = "$(TARGET_NAME)";
				SDKROOT = iphoneos;
				SWIFT_ACTIVE_COMPILATION_CONDITIONS = DEBUG;
				SWIFT_OPTIMIZATION_LEVEL = "-Onone";
				SWIFT_STRICT_CONCURRENCY = minimal;
				SWIFT_VERSION = 5.0;
				TARGETED_DEVICE_FAMILY = 1;
			};
			name = Debug;
		};
		48181D31AE04A2420C678943 /* Release */ = {
			isa = XCBuildConfiguration;
			buildSettings = {
				BUNDLE_LOADER = "$(TEST_HOST)";
				GENERATE_INFOPLIST_FILE = YES;
				LD_RUNPATH_SEARCH_PATHS = (
					"$(inherited)",
					"@executable_path/Frameworks",
					"@loader_path/Frameworks",
				);
				PRODUCT_BUNDLE_IDENTIFIER = com.hareeshnagaraj.devi.DeviTests;
				SDKROOT = iphoneos;
				TARGETED_DEVICE_FAMILY = "1,2";
				TEST_HOST = "$(BUILT_PRODUCTS_DIR)/Devi.app/$(BUNDLE_EXECUTABLE_FOLDER_PATH)/Devi";
			};
			name = Release;
		};
		6CAAAC7BB91114685A503C1D /* Release */ = {
			isa = XCBuildConfiguration;
			buildSettings = {
				BUNDLE_LOADER = "$(TEST_HOST)";
				GENERATE_INFOPLIST_FILE = YES;
				LD_RUNPATH_SEARCH_PATHS = (
					"$(inherited)",
					"@executable_path/Frameworks",
					"@loader_path/Frameworks",
				);
				PRODUCT_BUNDLE_IDENTIFIER = com.hareeshnagaraj.devi.DeviUITests;
				SDKROOT = iphoneos;
				TARGETED_DEVICE_FAMILY = "1,2";
				TEST_TARGET_NAME = Devi;
			};
			name = Release;
		};
		90424D97263C7A3AB342E7DA /* Debug */ = {
			isa = XCBuildConfiguration;
			buildSettings = {
				ASSETCATALOG_COMPILER_APPICON_NAME = AppIcon;
				CODE_SIGN_IDENTITY = "iPhone Developer";
				CODE_SIGN_STYLE = Automatic;
				CURRENT_PROJECT_VERSION = 11;
				DEVELOPMENT_TEAM = KTK5RL3ZR3;
				GENERATE_INFOPLIST_FILE = YES;
				INFOPLIST_KEY_ITSAppUsesNonExemptEncryption = NO;
				INFOPLIST_KEY_NSLocationWhenInUseUsageDescription = "Devi uses your location to calculate accurate sunrise, sunset, and prayer times for your area.";
				INFOPLIST_KEY_NSMotionUsageDescription = "Devi uses device motion to create an immersive gyroscope-driven sky experience.";
				INFOPLIST_KEY_UIApplicationSceneManifest_Generation = YES;
				INFOPLIST_KEY_UILaunchScreen_Generation = YES;
				INFOPLIST_KEY_UIRequiresFullScreen = YES;
				INFOPLIST_KEY_UISupportedInterfaceOrientations = UIInterfaceOrientationPortrait;
				LD_RUNPATH_SEARCH_PATHS = (
					"$(inherited)",
					"@executable_path/Frameworks",
				);
				MARKETING_VERSION = 1.2.1;
				PRODUCT_BUNDLE_IDENTIFIER = com.hareeshnagaraj.devi;
				SDKROOT = iphoneos;
				TARGETED_DEVICE_FAMILY = "1,2";
			};
			name = Debug;
		};
		96982CE975652EFB1A51832D /* Release */ = {
			isa = XCBuildConfiguration;
			buildSettings = {
				ASSETCATALOG_COMPILER_APPICON_NAME = AppIcon;
				CODE_SIGN_IDENTITY = "iPhone Developer";
				CODE_SIGN_STYLE = Automatic;
				CURRENT_PROJECT_VERSION = 11;
				DEVELOPMENT_TEAM = KTK5RL3ZR3;
				GENERATE_INFOPLIST_FILE = YES;
				INFOPLIST_KEY_ITSAppUsesNonExemptEncryption = NO;
				INFOPLIST_KEY_NSLocationWhenInUseUsageDescription = "Devi uses your location to calculate accurate sunrise, sunset, and prayer times for your area.";
				INFOPLIST_KEY_NSMotionUsageDescription = "Devi uses device motion to create an immersive gyroscope-driven sky experience.";
				INFOPLIST_KEY_UIApplicationSceneManifest_Generation = YES;
				INFOPLIST_KEY_UILaunchScreen_Generation = YES;
				INFOPLIST_KEY_UIRequiresFullScreen = YES;
				INFOPLIST_KEY_UISupportedInterfaceOrientations = UIInterfaceOrientationPortrait;
				LD_RUNPATH_SEARCH_PATHS = (
					"$(inherited)",
					"@executable_path/Frameworks",
				);
				MARKETING_VERSION = 1.2.1;
				PRODUCT_BUNDLE_IDENTIFIER = com.hareeshnagaraj.devi;
				SDKROOT = iphoneos;
				TARGETED_DEVICE_FAMILY = "1,2";
			};
			name = Release;
		};
		9891505C7181D1DDCD034B97 /* Debug */ = {
			isa = XCBuildConfiguration;
			buildSettings = {
				BUNDLE_LOADER = "$(TEST_HOST)";
				GENERATE_INFOPLIST_FILE = YES;
				LD_RUNPATH_SEARCH_PATHS = (
					"$(inherited)",
					"@executable_path/Frameworks",
					"@loader_path/Frameworks",
				);
				PRODUCT_BUNDLE_IDENTIFIER = com.hareeshnagaraj.devi.DeviTests;
				SDKROOT = iphoneos;
				TARGETED_DEVICE_FAMILY = "1,2";
				TEST_HOST = "$(BUILT_PRODUCTS_DIR)/Devi.app/$(BUNDLE_EXECUTABLE_FOLDER_PATH)/Devi";
			};
			name = Debug;
		};
		BE8857E34E83CADC1AAE12C8 /* Release */ = {
			isa = XCBuildConfiguration;
			buildSettings = {
				ALWAYS_SEARCH_USER_PATHS = NO;
				CLANG_ANALYZER_NONNULL = YES;
				CLANG_ANALYZER_NUMBER_OBJECT_CONVERSION = YES_AGGRESSIVE;
				CLANG_CXX_LANGUAGE_STANDARD = "gnu++14";
				CLANG_CXX_LIBRARY = "libc++";
				CLANG_ENABLE_MODULES = YES;
				CLANG_ENABLE_OBJC_ARC = YES;
				CLANG_ENABLE_OBJC_WEAK = YES;
				CLANG_WARN_BLOCK_CAPTURE_AUTORELEASING = YES;
				CLANG_WARN_BOOL_CONVERSION = YES;
				CLANG_WARN_COMMA = YES;
				CLANG_WARN_CONSTANT_CONVERSION = YES;
				CLANG_WARN_DEPRECATED_OBJC_IMPLEMENTATIONS = YES;
				CLANG_WARN_DIRECT_OBJC_ISA_USAGE = YES_ERROR;
				CLANG_WARN_DOCUMENTATION_COMMENTS = YES;
				CLANG_WARN_EMPTY_BODY = YES;
				CLANG_WARN_ENUM_CONVERSION = YES;
				CLANG_WARN_INFINITE_RECURSION = YES;
				CLANG_WARN_INT_CONVERSION = YES;
				CLANG_WARN_NON_LITERAL_NULL_CONVERSION = YES;
				CLANG_WARN_OBJC_IMPLICIT_RETAIN_SELF = YES;
				CLANG_WARN_OBJC_LITERAL_CONVERSION = YES;
				CLANG_WARN_OBJC_ROOT_CLASS = YES_ERROR;
				CLANG_WARN_QUOTED_INCLUDE_IN_FRAMEWORK_HEADER = YES;
				CLANG_WARN_RANGE_LOOP_ANALYSIS = YES;
				CLANG_WARN_STRICT_PROTOTYPES = YES;
				CLANG_WARN_SUSPICIOUS_MOVE = YES;
				CLANG_WARN_UNGUARDED_AVAILABILITY = YES_AGGRESSIVE;
				CLANG_WARN_UNREACHABLE_CODE = YES;
				CLANG_WARN__DUPLICATE_METHOD_MATCH = YES;
				COPY_PHASE_STRIP = NO;
				DEBUG_INFORMATION_FORMAT = "dwarf-with-dsym";
				ENABLE_NS_ASSERTIONS = NO;
				ENABLE_STRICT_OBJC_MSGSEND = YES;
				GCC_C_LANGUAGE_STANDARD = gnu11;
				GCC_NO_COMMON_BLOCKS = YES;
				GCC_WARN_64_TO_32_BIT_CONVERSION = YES;
				GCC_WARN_ABOUT_RETURN_TYPE = YES_ERROR;
				GCC_WARN_UNDECLARED_SELECTOR = YES;
				GCC_WARN_UNINITIALIZED_AUTOS = YES_AGGRESSIVE;
				GCC_WARN_UNUSED_FUNCTION = YES;
				GCC_WARN_UNUSED_VARIABLE = YES;
				IPHONEOS_DEPLOYMENT_TARGET = 17.0;
				MTL_ENABLE_DEBUG_INFO = NO;
				MTL_FAST_MATH = YES;
				PRODUCT_NAME = "$(TARGET_NAME)";
				SDKROOT = iphoneos;
				SWIFT_COMPILATION_MODE = wholemodule;
				SWIFT_OPTIMIZATION_LEVEL = "-O";
				SWIFT_STRICT_CONCURRENCY = minimal;
				SWIFT_VERSION = 5.0;
				TARGETED_DEVICE_FAMILY = 1;
			};
			name = Release;
		};
		BF7A57CF93DA0DFAC05E9ADF /* Debug */ = {
			isa = XCBuildConfiguration;
			buildSettings = {
				BUNDLE_LOADER = "$(TEST_HOST)";
				GENERATE_INFOPLIST_FILE = YES;
				LD_RUNPATH_SEARCH_PATHS = (
					"$(inherited)",
					"@executable_path/Frameworks",
					"@loader_path/Frameworks",
				);
				PRODUCT_BUNDLE_IDENTIFIER = com.hareeshnagaraj.devi.DeviUITests;
				SDKROOT = iphoneos;
				TARGETED_DEVICE_FAMILY = "1,2";
				TEST_TARGET_NAME = Devi;
			};
			name = Debug;
		};
/* End XCBuildConfiguration section */

/* Begin XCConfigurationList section */
		6FB23C55B98F78B22011A1FC /* Build configuration list for PBXNativeTarget "DeviTests" */ = {
			isa = XCConfigurationList;
			buildConfigurations = (
				9891505C7181D1DDCD034B97 /* Debug */,
				48181D31AE04A2420C678943 /* Release */,
			);
			defaultConfigurationIsVisible = 0;
			defaultConfigurationName = Debug;
		};
		C363D8B438CF27CAD3DFAA67 /* Build configuration list for PBXNativeTarget "Devi" */ = {
			isa = XCConfigurationList;
			buildConfigurations = (
				90424D97263C7A3AB342E7DA /* Debug */,
				96982CE975652EFB1A51832D /* Release */,
			);
			defaultConfigurationIsVisible = 0;
			defaultConfigurationName = Debug;
		};
		D3E308D1C8DBE49AF1539D46 /* Build configuration list for PBXNativeTarget "DeviUITests" */ = {
			isa = XCConfigurationList;
			buildConfigurations = (
				BF7A57CF93DA0DFAC05E9ADF /* Debug */,
				6CAAAC7BB91114685A503C1D /* Release */,
			);
			defaultConfigurationIsVisible = 0;
			defaultConfigurationName = Debug;
		};
		EA283B955B8D233891C1A448 /* Build configuration list for PBXProject "Devi" */ = {
			isa = XCConfigurationList;
			buildConfigurations = (
				205BFB0288989740D79542D9 /* Debug */,
				BE8857E34E83CADC1AAE12C8 /* Release */,
			);
			defaultConfigurationIsVisible = 0;
			defaultConfigurationName = Debug;
		};
/* End XCConfigurationList section */

/* Begin XCRemoteSwiftPackageReference section */
		E9F2E605191273FE3F9F2C9B /* XCRemoteSwiftPackageReference "SwissEphemeris" */ = {
			isa = XCRemoteSwiftPackageReference;
			repositoryURL = "https://github.com/vsmithers1087/SwissEphemeris";
			requirement = {
				kind = upToNextMajorVersion;
				minimumVersion = 0.0.99;
			};
		};
		F59F77AF57F6B6A678C1D1E9 /* XCRemoteSwiftPackageReference "Solar" */ = {
			isa = XCRemoteSwiftPackageReference;
			repositoryURL = "https://github.com/ceeK/Solar";
			requirement = {
				kind = upToNextMajorVersion;
				minimumVersion = 3.0.0;
			};
		};
/* End XCRemoteSwiftPackageReference section */

/* Begin XCSwiftPackageProductDependency section */
		66786E3737FDCA2490A2BECA /* SwissEphemeris */ = {
			isa = XCSwiftPackageProductDependency;
			package = E9F2E605191273FE3F9F2C9B /* XCRemoteSwiftPackageReference "SwissEphemeris" */;
			productName = SwissEphemeris;
		};
		8770626AEDBE1DA0D475369D /* Solar */ = {
			isa = XCSwiftPackageProductDependency;
			package = F59F77AF57F6B6A678C1D1E9 /* XCRemoteSwiftPackageReference "Solar" */;
			productName = Solar;
		};
		DC9406F18B90AF0917117B76 /* SwissEphemeris */ = {
			isa = XCSwiftPackageProductDependency;
			package = E9F2E605191273FE3F9F2C9B /* XCRemoteSwiftPackageReference "SwissEphemeris" */;
			productName = SwissEphemeris;
		};
/* End XCSwiftPackageProductDependency section */
	};
	rootObject = FB09475CAD690A281AA404CC /* Project object */;
}
